// !$*UTF8*$!
{
	archiveVersion = 1;
	classes = {
	};
	objectVersion = 55;
	objects = {

/* Begin PBXBuildFile section */
		B6165793287D19EF005E1087 /* main.cpp in Sources */ = {isa = PBXBuildFile; fileRef = B6165792287D19EF005E1087 /* main.cpp */; };
		B61657BA287E6B1B005E1087 /* main.cpp in Sources */ = {isa = PBXBuildFile; fileRef = B61657B9287E6B1B005E1087 /* main.cpp */; };
		B61657C5287E9CFA005E1087 /* main.cpp in Sources */ = {isa = PBXBuildFile; fileRef = B61657C4287E9CFA005E1087 /* main.cpp */; };
		B61657D0287FAD7B005E1087 /* main.cpp in Sources */ = {isa = PBXBuildFile; fileRef = B61657CF287FAD7B005E1087 /* main.cpp */; };
		B61657E1287FB490005E1087 /* main.cpp in Sources */ = {isa = PBXBuildFile; fileRef = B61657E0287FB490005E1087 /* main.cpp */; };
		B61657EC287FBDF6005E1087 /* main.cpp in Sources */ = {isa = PBXBuildFile; fileRef = B61657EB287FBDF6005E1087 /* main.cpp */; };
		B61657F7287FC1DB005E1087 /* main.cpp in Sources */ = {isa = PBXBuildFile; fileRef = B61657F6287FC1DB005E1087 /* main.cpp */; };
		B6165802287FC683005E1087 /* main.cpp in Sources */ = {isa = PBXBuildFile; fileRef = B6165801287FC683005E1087 /* main.cpp */; };
		B61EEF06289A718B006189C5 /* main.cpp in Sources */ = {isa = PBXBuildFile; fileRef = B61EEF05289A718B006189C5 /* main.cpp */; };
		B61EEF11289A71D5006189C5 /* main.cpp in Sources */ = {isa = PBXBuildFile; fileRef = B61EEF10289A71D5006189C5 /* main.cpp */; };
		B61EEF1C289A7AE4006189C5 /* main.cpp in Sources */ = {isa = PBXBuildFile; fileRef = B61EEF1B289A7AE4006189C5 /* main.cpp */; };
		B61EEF27289A7D9F006189C5 /* main.cpp in Sources */ = {isa = PBXBuildFile; fileRef = B61EEF26289A7D9F006189C5 /* main.cpp */; };
		B61EEF32289A7E18006189C5 /* main.cpp in Sources */ = {isa = PBXBuildFile; fileRef = B61EEF31289A7E18006189C5 /* main.cpp */; };
		B61EEF41289B695A006189C5 /* main.cpp in Sources */ = {isa = PBXBuildFile; fileRef = B61EEF40289B695A006189C5 /* main.cpp */; };
		B61EEF4C289B70F6006189C5 /* main.cpp in Sources */ = {isa = PBXBuildFile; fileRef = B61EEF4B289B70F6006189C5 /* main.cpp */; };
		B61EEF57289B7313006189C5 /* main.cpp in Sources */ = {isa = PBXBuildFile; fileRef = B61EEF56289B7313006189C5 /* main.cpp */; };
		B682A9AB28866CA300F90124 /* main.cpp in Sources */ = {isa = PBXBuildFile; fileRef = B682A9AA28866CA300F90124 /* main.cpp */; };
		B682A9B628866D9300F90124 /* main.cpp in Sources */ = {isa = PBXBuildFile; fileRef = B682A9B528866D9300F90124 /* main.cpp */; };
		B682A9C128868D5400F90124 /* main.cpp in Sources */ = {isa = PBXBuildFile; fileRef = B682A9C028868D5400F90124 /* main.cpp */; };
/* End PBXBuildFile section */

/* Begin PBXCopyFilesBuildPhase section */
		B616578D287D19EF005E1087 /* CopyFiles */ = {
			isa = PBXCopyFilesBuildPhase;
			buildActionMask = 2147483647;
			dstPath = /usr/share/man/man1/;
			dstSubfolderSpec = 0;
			files = (
			);
			runOnlyForDeploymentPostprocessing = 1;
		};
		B61657B5287E6B1B005E1087 /* CopyFiles */ = {
			isa = PBXCopyFilesBuildPhase;
			buildActionMask = 2147483647;
			dstPath = /usr/share/man/man1/;
			dstSubfolderSpec = 0;
			files = (
			);
			runOnlyForDeploymentPostprocessing = 1;
		};
		B61657C0287E9CFA005E1087 /* CopyFiles */ = {
			isa = PBXCopyFilesBuildPhase;
			buildActionMask = 2147483647;
			dstPath = /usr/share/man/man1/;
			dstSubfolderSpec = 0;
			files = (
			);
			runOnlyForDeploymentPostprocessing = 1;
		};
		B61657CB287FAD7B005E1087 /* CopyFiles */ = {
			isa = PBXCopyFilesBuildPhase;
			buildActionMask = 2147483647;
			dstPath = /usr/share/man/man1/;
			dstSubfolderSpec = 0;
			files = (
			);
			runOnlyForDeploymentPostprocessing = 1;
		};
		B61657DC287FB490005E1087 /* CopyFiles */ = {
			isa = PBXCopyFilesBuildPhase;
			buildActionMask = 2147483647;
			dstPath = /usr/share/man/man1/;
			dstSubfolderSpec = 0;
			files = (
			);
			runOnlyForDeploymentPostprocessing = 1;
		};
		B61657E7287FBDF6005E1087 /* CopyFiles */ = {
			isa = PBXCopyFilesBuildPhase;
			buildActionMask = 2147483647;
			dstPath = /usr/share/man/man1/;
			dstSubfolderSpec = 0;
			files = (
			);
			runOnlyForDeploymentPostprocessing = 1;
		};
		B61657F2287FC1DB005E1087 /* CopyFiles */ = {
			isa = PBXCopyFilesBuildPhase;
			buildActionMask = 2147483647;
			dstPath = /usr/share/man/man1/;
			dstSubfolderSpec = 0;
			files = (
			);
			runOnlyForDeploymentPostprocessing = 1;
		};
		B61657FD287FC683005E1087 /* CopyFiles */ = {
			isa = PBXCopyFilesBuildPhase;
			buildActionMask = 2147483647;
			dstPath = /usr/share/man/man1/;
			dstSubfolderSpec = 0;
			files = (
			);
			runOnlyForDeploymentPostprocessing = 1;
		};
		B61EEF01289A718B006189C5 /* CopyFiles */ = {
			isa = PBXCopyFilesBuildPhase;
			buildActionMask = 2147483647;
			dstPath = /usr/share/man/man1/;
			dstSubfolderSpec = 0;
			files = (
			);
			runOnlyForDeploymentPostprocessing = 1;
		};
		B61EEF0C289A71D4006189C5 /* CopyFiles */ = {
			isa = PBXCopyFilesBuildPhase;
			buildActionMask = 2147483647;
			dstPath = /usr/share/man/man1/;
			dstSubfolderSpec = 0;
			files = (
			);
			runOnlyForDeploymentPostprocessing = 1;
		};
		B61EEF17289A7AE3006189C5 /* CopyFiles */ = {
			isa = PBXCopyFilesBuildPhase;
			buildActionMask = 2147483647;
			dstPath = /usr/share/man/man1/;
			dstSubfolderSpec = 0;
			files = (
			);
			runOnlyForDeploymentPostprocessing = 1;
		};
		B61EEF22289A7D9F006189C5 /* CopyFiles */ = {
			isa = PBXCopyFilesBuildPhase;
			buildActionMask = 2147483647;
			dstPath = /usr/share/man/man1/;
			dstSubfolderSpec = 0;
			files = (
			);
			runOnlyForDeploymentPostprocessing = 1;
		};
		B61EEF2D289A7E18006189C5 /* CopyFiles */ = {
			isa = PBXCopyFilesBuildPhase;
			buildActionMask = 2147483647;
			dstPath = /usr/share/man/man1/;
			dstSubfolderSpec = 0;
			files = (
			);
			runOnlyForDeploymentPostprocessing = 1;
		};
		B61EEF3C289B695A006189C5 /* CopyFiles */ = {
			isa = PBXCopyFilesBuildPhase;
			buildActionMask = 2147483647;
			dstPath = /usr/share/man/man1/;
			dstSubfolderSpec = 0;
			files = (
			);
			runOnlyForDeploymentPostprocessing = 1;
		};
		B61EEF47289B70F6006189C5 /* CopyFiles */ = {
			isa = PBXCopyFilesBuildPhase;
			buildActionMask = 2147483647;
			dstPath = /usr/share/man/man1/;
			dstSubfolderSpec = 0;
			files = (
			);
			runOnlyForDeploymentPostprocessing = 1;
		};
		B61EEF52289B7313006189C5 /* CopyFiles */ = {
			isa = PBXCopyFilesBuildPhase;
			buildActionMask = 2147483647;
			dstPath = /usr/share/man/man1/;
			dstSubfolderSpec = 0;
			files = (
			);
			runOnlyForDeploymentPostprocessing = 1;
		};
		B682A9A628866CA300F90124 /* CopyFiles */ = {
			isa = PBXCopyFilesBuildPhase;
			buildActionMask = 2147483647;
			dstPath = /usr/share/man/man1/;
			dstSubfolderSpec = 0;
			files = (
			);
			runOnlyForDeploymentPostprocessing = 1;
		};
		B682A9B128866D9300F90124 /* CopyFiles */ = {
			isa = PBXCopyFilesBuildPhase;
			buildActionMask = 2147483647;
			dstPath = /usr/share/man/man1/;
			dstSubfolderSpec = 0;
			files = (
			);
			runOnlyForDeploymentPostprocessing = 1;
		};
		B682A9BC28868D5400F90124 /* CopyFiles */ = {
			isa = PBXCopyFilesBuildPhase;
			buildActionMask = 2147483647;
			dstPath = /usr/share/man/man1/;
			dstSubfolderSpec = 0;
			files = (
			);
			runOnlyForDeploymentPostprocessing = 1;
		};
/* End PBXCopyFilesBuildPhase section */

/* Begin PBXFileReference section */
		B616578F287D19EF005E1087 /* C++练习 */ = {isa = PBXFileReference; explicitFileType = "compiled.mach-o.executable"; includeInIndex = 0; path = "C++练习"; sourceTree = BUILT_PRODUCTS_DIR; };
		B6165792287D19EF005E1087 /* main.cpp */ = {isa = PBXFileReference; lastKnownFileType = sourcecode.cpp.cpp; path = main.cpp; sourceTree = "<group>"; };
		B61657B7287E6B1B005E1087 /* 静态变量 */ = {isa = PBXFileReference; explicitFileType = "compiled.mach-o.executable"; includeInIndex = 0; path = "静态变量"; sourceTree = BUILT_PRODUCTS_DIR; };
		B61657B9287E6B1B005E1087 /* main.cpp */ = {isa = PBXFileReference; lastKnownFileType = sourcecode.cpp.cpp; path = main.cpp; sourceTree = "<group>"; };
		B61657C2287E9CFA005E1087 /* const用法 */ = {isa = PBXFileReference; explicitFileType = "compiled.mach-o.executable"; includeInIndex = 0; path = "const用法"; sourceTree = BUILT_PRODUCTS_DIR; };
		B61657C4287E9CFA005E1087 /* main.cpp */ = {isa = PBXFileReference; lastKnownFileType = sourcecode.cpp.cpp; path = main.cpp; sourceTree = "<group>"; };
		B61657CD287FAD7B005E1087 /* 友元函数 */ = {isa = PBXFileReference; explicitFileType = "compiled.mach-o.executable"; includeInIndex = 0; path = "友元函数"; sourceTree = BUILT_PRODUCTS_DIR; };
		B61657CF287FAD7B005E1087 /* main.cpp */ = {isa = PBXFileReference; lastKnownFileType = sourcecode.cpp.cpp; path = main.cpp; sourceTree = "<group>"; };
		B61657DE287FB490005E1087 /* 重载 */ = {isa = PBXFileReference; explicitFileType = "compiled.mach-o.executable"; includeInIndex = 0; path = "重载"; sourceTree = BUILT_PRODUCTS_DIR; };
		B61657E0287FB490005E1087 /* main.cpp */ = {isa = PBXFileReference; lastKnownFileType = sourcecode.cpp.cpp; path = main.cpp; sourceTree = "<group>"; };
		B61657E9287FBDF6005E1087 /* 派生类与基类 */ = {isa = PBXFileReference; explicitFileType = "compiled.mach-o.executable"; includeInIndex = 0; path = "派生类与基类"; sourceTree = BUILT_PRODUCTS_DIR; };
		B61657EB287FBDF6005E1087 /* main.cpp */ = {isa = PBXFileReference; lastKnownFileType = sourcecode.cpp.cpp; path = main.cpp; sourceTree = "<group>"; };
		B61657F4287FC1DB005E1087 /* 构造函数&析构函数 */ = {isa = PBXFileReference; explicitFileType = "compiled.mach-o.executable"; includeInIndex = 0; path = "构造函数&析构函数"; sourceTree = BUILT_PRODUCTS_DIR; };
		B61657F6287FC1DB005E1087 /* main.cpp */ = {isa = PBXFileReference; lastKnownFileType = sourcecode.cpp.cpp; path = main.cpp; sourceTree = "<group>"; };
		B61657FF287FC683005E1087 /* 构造顺序 */ = {isa = PBXFileReference; explicitFileType = "compiled.mach-o.executable"; includeInIndex = 0; path = "构造顺序"; sourceTree = BUILT_PRODUCTS_DIR; };
		B6165801287FC683005E1087 /* main.cpp */ = {isa = PBXFileReference; lastKnownFileType = sourcecode.cpp.cpp; path = main.cpp; sourceTree = "<group>"; };
		B61EEF03289A718B006189C5 /* 从基类继承的成员将访问到派生类版本 */ = {isa = PBXFileReference; explicitFileType = "compiled.mach-o.executable"; includeInIndex = 0; path = "从基类继承的成员将访问到派生类版本"; sourceTree = BUILT_PRODUCTS_DIR; };
		B61EEF05289A718B006189C5 /* main.cpp */ = {isa = PBXFileReference; lastKnownFileType = sourcecode.cpp.cpp; path = main.cpp; sourceTree = "<group>"; };
		B61EEF0E289A71D4006189C5 /* 分配工资问题 */ = {isa = PBXFileReference; explicitFileType = "compiled.mach-o.executable"; includeInIndex = 0; path = "分配工资问题"; sourceTree = BUILT_PRODUCTS_DIR; };
		B61EEF10289A71D5006189C5 /* main.cpp */ = {isa = PBXFileReference; lastKnownFileType = sourcecode.cpp.cpp; path = main.cpp; sourceTree = "<group>"; };
		B61EEF19289A7AE3006189C5 /* 虚函数 */ = {isa = PBXFileReference; explicitFileType = "compiled.mach-o.executable"; includeInIndex = 0; path = "虚函数"; sourceTree = BUILT_PRODUCTS_DIR; };
		B61EEF1B289A7AE4006189C5 /* main.cpp */ = {isa = PBXFileReference; lastKnownFileType = sourcecode.cpp.cpp; path = main.cpp; sourceTree = "<group>"; };
		B61EEF24289A7D9F006189C5 /* 重载=号 */ = {isa = PBXFileReference; explicitFileType = "compiled.mach-o.executable"; includeInIndex = 0; path = "重载=号"; sourceTree = BUILT_PRODUCTS_DIR; };
		B61EEF26289A7D9F006189C5 /* main.cpp */ = {isa = PBXFileReference; lastKnownFileType = sourcecode.cpp.cpp; path = main.cpp; sourceTree = "<group>"; };
		B61EEF2F289A7E18006189C5 /* 重载运算符 */ = {isa = PBXFileReference; explicitFileType = "compiled.mach-o.executable"; includeInIndex = 0; path = "重载运算符"; sourceTree = BUILT_PRODUCTS_DIR; };
		B61EEF31289A7E18006189C5 /* main.cpp */ = {isa = PBXFileReference; lastKnownFileType = sourcecode.cpp.cpp; path = main.cpp; sourceTree = "<group>"; };
		B61EEF3E289B695A006189C5 /* 异常 */ = {isa = PBXFileReference; explicitFileType = "compiled.mach-o.executable"; includeInIndex = 0; path = "异常"; sourceTree = BUILT_PRODUCTS_DIR; };
		B61EEF40289B695A006189C5 /* main.cpp */ = {isa = PBXFileReference; lastKnownFileType = sourcecode.cpp.cpp; path = main.cpp; sourceTree = "<group>"; };
		B61EEF49289B70F6006189C5 /* 虚函数表 */ = {isa = PBXFileReference; explicitFileType = "compiled.mach-o.executable"; includeInIndex = 0; path = "虚函数表"; sourceTree = BUILT_PRODUCTS_DIR; };
		B61EEF4B289B70F6006189C5 /* main.cpp */ = {isa = PBXFileReference; lastKnownFileType = sourcecode.cpp.cpp; path = main.cpp; sourceTree = "<group>"; };
		B61EEF54289B7313006189C5 /* 虚函数的参数 */ = {isa = PBXFileReference; explicitFileType = "compiled.mach-o.executable"; includeInIndex = 0; path = "虚函数的参数"; sourceTree = BUILT_PRODUCTS_DIR; };
		B61EEF56289B7313006189C5 /* main.cpp */ = {isa = PBXFileReference; lastKnownFileType = sourcecode.cpp.cpp; path = main.cpp; sourceTree = "<group>"; };
		B682A9A828866CA300F90124 /* 虚拟继承 */ = {isa = PBXFileReference; explicitFileType = "compiled.mach-o.executable"; includeInIndex = 0; path = "虚拟继承"; sourceTree = BUILT_PRODUCTS_DIR; };
		B682A9AA28866CA300F90124 /* main.cpp */ = {isa = PBXFileReference; lastKnownFileType = sourcecode.cpp.cpp; path = main.cpp; sourceTree = "<group>"; };
		B682A9B328866D9300F90124 /* 派生类初始化 */ = {isa = PBXFileReference; explicitFileType = "compiled.mach-o.executable"; includeInIndex = 0; path = "派生类初始化"; sourceTree = BUILT_PRODUCTS_DIR; };
		B682A9B528866D9300F90124 /* main.cpp */ = {isa = PBXFileReference; lastKnownFileType = sourcecode.cpp.cpp; path = main.cpp; sourceTree = "<group>"; };
		B682A9BE28868D5400F90124 /* 习题15.8 */ = {isa = PBXFileReference; explicitFileType = "compiled.mach-o.executable"; includeInIndex = 0; path = "习题15.8"; sourceTree = BUILT_PRODUCTS_DIR; };
		B682A9C028868D5400F90124 /* main.cpp */ = {isa = PBXFileReference; lastKnownFileType = sourcecode.cpp.cpp; path = main.cpp; sourceTree = "<group>"; };
/* End PBXFileReference section */

/* Begin PBXFrameworksBuildPhase section */
		B616578C287D19EF005E1087 /* Frameworks */ = {
			isa = PBXFrameworksBuildPhase;
			buildActionMask = 2147483647;
			files = (
			);
			runOnlyForDeploymentPostprocessing = 0;
		};
		B61657B4287E6B1B005E1087 /* Frameworks */ = {
			isa = PBXFrameworksBuildPhase;
			buildActionMask = 2147483647;
			files = (
			);
			runOnlyForDeploymentPostprocessing = 0;
		};
		B61657BF287E9CFA005E1087 /* Frameworks */ = {
			isa = PBXFrameworksBuildPhase;
			buildActionMask = 2147483647;
			files = (
			);
			runOnlyForDeploymentPostprocessing = 0;
		};
		B61657CA287FAD7B005E1087 /* Frameworks */ = {
			isa = PBXFrameworksBuildPhase;
			buildActionMask = 2147483647;
			files = (
			);
			runOnlyForDeploymentPostprocessing = 0;
		};
		B61657DB287FB490005E1087 /* Frameworks */ = {
			isa = PBXFrameworksBuildPhase;
			buildActionMask = 2147483647;
			files = (
			);
			runOnlyForDeploymentPostprocessing = 0;
		};
		B61657E6287FBDF6005E1087 /* Frameworks */ = {
			isa = PBXFrameworksBuildPhase;
			buildActionMask = 2147483647;
			files = (
			);
			runOnlyForDeploymentPostprocessing = 0;
		};
		B61657F1287FC1DB005E1087 /* Frameworks */ = {
			isa = PBXFrameworksBuildPhase;
			buildActionMask = 2147483647;
			files = (
			);
			runOnlyForDeploymentPostprocessing = 0;
		};
		B61657FC287FC683005E1087 /* Frameworks */ = {
			isa = PBXFrameworksBuildPhase;
			buildActionMask = 2147483647;
			files = (
			);
			runOnlyForDeploymentPostprocessing = 0;
		};
		B61EEF00289A718B006189C5 /* Frameworks */ = {
			isa = PBXFrameworksBuildPhase;
			buildActionMask = 2147483647;
			files = (
			);
			runOnlyForDeploymentPostprocessing = 0;
		};
		B61EEF0B289A71D4006189C5 /* Frameworks */ = {
			isa = PBXFrameworksBuildPhase;
			buildActionMask = 2147483647;
			files = (
			);
			runOnlyForDeploymentPostprocessing = 0;
		};
		B61EEF16289A7AE3006189C5 /* Frameworks */ = {
			isa = PBXFrameworksBuildPhase;
			buildActionMask = 2147483647;
			files = (
			);
			runOnlyForDeploymentPostprocessing = 0;
		};
		B61EEF21289A7D9F006189C5 /* Frameworks */ = {
			isa = PBXFrameworksBuildPhase;
			buildActionMask = 2147483647;
			files = (
			);
			runOnlyForDeploymentPostprocessing = 0;
		};
		B61EEF2C289A7E18006189C5 /* Frameworks */ = {
			isa = PBXFrameworksBuildPhase;
			buildActionMask = 2147483647;
			files = (
			);
			runOnlyForDeploymentPostprocessing = 0;
		};
		B61EEF3B289B695A006189C5 /* Frameworks */ = {
			isa = PBXFrameworksBuildPhase;
			buildActionMask = 2147483647;
			files = (
			);
			runOnlyForDeploymentPostprocessing = 0;
		};
		B61EEF46289B70F6006189C5 /* Frameworks */ = {
			isa = PBXFrameworksBuildPhase;
			buildActionMask = 2147483647;
			files = (
			);
			runOnlyForDeploymentPostprocessing = 0;
		};
		B61EEF51289B7313006189C5 /* Frameworks */ = {
			isa = PBXFrameworksBuildPhase;
			buildActionMask = 2147483647;
			files = (
			);
			runOnlyForDeploymentPostprocessing = 0;
		};
		B682A9A528866CA300F90124 /* Frameworks */ = {
			isa = PBXFrameworksBuildPhase;
			buildActionMask = 2147483647;
			files = (
			);
			runOnlyForDeploymentPostprocessing = 0;
		};
		B682A9B028866D9300F90124 /* Frameworks */ = {
			isa = PBXFrameworksBuildPhase;
			buildActionMask = 2147483647;
			files = (
			);
			runOnlyForDeploymentPostprocessing = 0;
		};
		B682A9BB28868D5400F90124 /* Frameworks */ = {
			isa = PBXFrameworksBuildPhase;
			buildActionMask = 2147483647;
			files = (
			);
			runOnlyForDeploymentPostprocessing = 0;
		};
/* End PBXFrameworksBuildPhase section */

/* Begin PBXGroup section */
		B6165786287D19EF005E1087 = {
			isa = PBXGroup;
			children = (
				B6165791287D19EF005E1087 /* C++练习 */,
				B61657B8287E6B1B005E1087 /* 静态变量 */,
				B61657C3287E9CFA005E1087 /* const用法 */,
				B61657CE287FAD7B005E1087 /* 友元函数 */,
				B61657DF287FB490005E1087 /* 重载 */,
				B61657EA287FBDF6005E1087 /* 派生类与基类 */,
				B61657F5287FC1DB005E1087 /* 构造函数&析构函数 */,
				B6165800287FC683005E1087 /* 构造顺序 */,
				B682A9A928866CA300F90124 /* 虚拟继承 */,
				B682A9B428866D9300F90124 /* 派生类初始化 */,
				B682A9BF28868D5400F90124 /* 习题15.8 */,
				B61EEF04289A718B006189C5 /* 从基类继承的成员将访问到派生类版本 */,
				B61EEF0F289A71D5006189C5 /* 分配工资问题 */,
				B61EEF1A289A7AE4006189C5 /* 虚函数 */,
				B61EEF25289A7D9F006189C5 /* 重载=号 */,
				B61EEF30289A7E18006189C5 /* 重载运算符 */,
				B61EEF3F289B695A006189C5 /* 异常 */,
				B61EEF4A289B70F6006189C5 /* 虚函数表 */,
				B61EEF55289B7313006189C5 /* 虚函数的参数 */,
				B6165790287D19EF005E1087 /* Products */,
			);
			sourceTree = "<group>";
		};
		B6165790287D19EF005E1087 /* Products */ = {
			isa = PBXGroup;
			children = (
				B616578F287D19EF005E1087 /* C++练习 */,
				B61657B7287E6B1B005E1087 /* 静态变量 */,
				B61657C2287E9CFA005E1087 /* const用法 */,
				B61657CD287FAD7B005E1087 /* 友元函数 */,
				B61657DE287FB490005E1087 /* 重载 */,
				B61657E9287FBDF6005E1087 /* 派生类与基类 */,
				B61657F4287FC1DB005E1087 /* 构造函数&析构函数 */,
				B61657FF287FC683005E1087 /* 构造顺序 */,
				B682A9A828866CA300F90124 /* 虚拟继承 */,
				B682A9B328866D9300F90124 /* 派生类初始化 */,
				B682A9BE28868D5400F90124 /* 习题15.8 */,
				B61EEF03289A718B006189C5 /* 从基类继承的成员将访问到派生类版本 */,
				B61EEF0E289A71D4006189C5 /* 分配工资问题 */,
				B61EEF19289A7AE3006189C5 /* 虚函数 */,
				B61EEF24289A7D9F006189C5 /* 重载=号 */,
				B61EEF2F289A7E18006189C5 /* 重载运算符 */,
				B61EEF3E289B695A006189C5 /* 异常 */,
				B61EEF49289B70F6006189C5 /* 虚函数表 */,
				B61EEF54289B7313006189C5 /* 虚函数的参数 */,
			);
			name = Products;
			sourceTree = "<group>";
		};
		B6165791287D19EF005E1087 /* C++练习 */ = {
			isa = PBXGroup;
			children = (
				B6165792287D19EF005E1087 /* main.cpp */,
			);
			path = "C++练习";
			sourceTree = "<group>";
		};
		B61657B8287E6B1B005E1087 /* 静态变量 */ = {
			isa = PBXGroup;
			children = (
				B61657B9287E6B1B005E1087 /* main.cpp */,
			);
			path = "静态变量";
			sourceTree = "<group>";
		};
		B61657C3287E9CFA005E1087 /* const用法 */ = {
			isa = PBXGroup;
			children = (
				B61657C4287E9CFA005E1087 /* main.cpp */,
			);
			path = "const用法";
			sourceTree = "<group>";
		};
		B61657CE287FAD7B005E1087 /* 友元函数 */ = {
			isa = PBXGroup;
			children = (
				B61657CF287FAD7B005E1087 /* main.cpp */,
			);
			path = "友元函数";
			sourceTree = "<group>";
		};
		B61657DF287FB490005E1087 /* 重载 */ = {
			isa = PBXGroup;
			children = (
				B61657E0287FB490005E1087 /* main.cpp */,
			);
			path = "重载";
			sourceTree = "<group>";
		};
		B61657EA287FBDF6005E1087 /* 派生类与基类 */ = {
			isa = PBXGroup;
			children = (
				B61657EB287FBDF6005E1087 /* main.cpp */,
			);
			path = "派生类与基类";
			sourceTree = "<group>";
		};
		B61657F5287FC1DB005E1087 /* 构造函数&析构函数 */ = {
			isa = PBXGroup;
			children = (
				B61657F6287FC1DB005E1087 /* main.cpp */,
			);
			path = "构造函数&析构函数";
			sourceTree = "<group>";
		};
		B6165800287FC683005E1087 /* 构造顺序 */ = {
			isa = PBXGroup;
			children = (
				B6165801287FC683005E1087 /* main.cpp */,
			);
			path = "构造顺序";
			sourceTree = "<group>";
		};
		B61EEF04289A718B006189C5 /* 从基类继承的成员将访问到派生类版本 */ = {
			isa = PBXGroup;
			children = (
				B61EEF05289A718B006189C5 /* main.cpp */,
			);
			path = "从基类继承的成员将访问到派生类版本";
			sourceTree = "<group>";
		};
		B61EEF0F289A71D5006189C5 /* 分配工资问题 */ = {
			isa = PBXGroup;
			children = (
				B61EEF10289A71D5006189C5 /* main.cpp */,
			);
			path = "分配工资问题";
			sourceTree = "<group>";
		};
		B61EEF1A289A7AE4006189C5 /* 虚函数 */ = {
			isa = PBXGroup;
			children = (
				B61EEF1B289A7AE4006189C5 /* main.cpp */,
			);
			path = "虚函数";
			sourceTree = "<group>";
		};
		B61EEF25289A7D9F006189C5 /* 重载=号 */ = {
			isa = PBXGroup;
			children = (
				B61EEF26289A7D9F006189C5 /* main.cpp */,
			);
			path = "重载=号";
			sourceTree = "<group>";
		};
		B61EEF30289A7E18006189C5 /* 重载运算符 */ = {
			isa = PBXGroup;
			children = (
				B61EEF31289A7E18006189C5 /* main.cpp */,
			);
			path = "重载运算符";
			sourceTree = "<group>";
		};
		B61EEF3F289B695A006189C5 /* 异常 */ = {
			isa = PBXGroup;
			children = (
				B61EEF40289B695A006189C5 /* main.cpp */,
			);
			path = "异常";
			sourceTree = "<group>";
		};
		B61EEF4A289B70F6006189C5 /* 虚函数表 */ = {
			isa = PBXGroup;
			children = (
				B61EEF4B289B70F6006189C5 /* main.cpp */,
			);
			path = "虚函数表";
			sourceTree = "<group>";
		};
		B61EEF55289B7313006189C5 /* 虚函数的参数 */ = {
			isa = PBXGroup;
			children = (
				B61EEF56289B7313006189C5 /* main.cpp */,
			);
			path = "虚函数的参数";
			sourceTree = "<group>";
		};
		B682A9A928866CA300F90124 /* 虚拟继承 */ = {
			isa = PBXGroup;
			children = (
				B682A9AA28866CA300F90124 /* main.cpp */,
			);
			path = "虚拟继承";
			sourceTree = "<group>";
		};
		B682A9B428866D9300F90124 /* 派生类初始化 */ = {
			isa = PBXGroup;
			children = (
				B682A9B528866D9300F90124 /* main.cpp */,
			);
			path = "派生类初始化";
			sourceTree = "<group>";
		};
		B682A9BF28868D5400F90124 /* 习题15.8 */ = {
			isa = PBXGroup;
			children = (
				B682A9C028868D5400F90124 /* main.cpp */,
			);
			path = "习题15.8";
			sourceTree = "<group>";
		};
/* End PBXGroup section */

/* Begin PBXNativeTarget section */
		B616578E287D19EF005E1087 /* C++练习 */ = {
			isa = PBXNativeTarget;
			buildConfigurationList = B6165796287D19EF005E1087 /* Build configuration list for PBXNativeTarget "C++练习" */;
			buildPhases = (
				B616578B287D19EF005E1087 /* Sources */,
				B616578C287D19EF005E1087 /* Frameworks */,
				B616578D287D19EF005E1087 /* CopyFiles */,
			);
			buildRules = (
			);
			dependencies = (
			);
			name = "C++练习";
			productName = "C++练习";
			productReference = B616578F287D19EF005E1087 /* C++练习 */;
			productType = "com.apple.product-type.tool";
		};
		B61657B6287E6B1B005E1087 /* 静态变量 */ = {
			isa = PBXNativeTarget;
			buildConfigurationList = B61657BB287E6B1B005E1087 /* Build configuration list for PBXNativeTarget "静态变量" */;
			buildPhases = (
				B61657B3287E6B1B005E1087 /* Sources */,
				B61657B4287E6B1B005E1087 /* Frameworks */,
				B61657B5287E6B1B005E1087 /* CopyFiles */,
			);
			buildRules = (
			);
			dependencies = (
			);
			name = "静态变量";
			productName = "静态变量";
			productReference = B61657B7287E6B1B005E1087 /* 静态变量 */;
			productType = "com.apple.product-type.tool";
		};
		B61657C1287E9CFA005E1087 /* const用法 */ = {
			isa = PBXNativeTarget;
			buildConfigurationList = B61657C6287E9CFA005E1087 /* Build configuration list for PBXNativeTarget "const用法" */;
			buildPhases = (
				B61657BE287E9CFA005E1087 /* Sources */,
				B61657BF287E9CFA005E1087 /* Frameworks */,
				B61657C0287E9CFA005E1087 /* CopyFiles */,
			);
			buildRules = (
			);
			dependencies = (
			);
			name = "const用法";
			productName = "const用法";
			productReference = B61657C2287E9CFA005E1087 /* const用法 */;
			productType = "com.apple.product-type.tool";
		};
		B61657CC287FAD7B005E1087 /* 友元函数 */ = {
			isa = PBXNativeTarget;
			buildConfigurationList = B61657D1287FAD7B005E1087 /* Build configuration list for PBXNativeTarget "友元函数" */;
			buildPhases = (
				B61657C9287FAD7B005E1087 /* Sources */,
				B61657CA287FAD7B005E1087 /* Frameworks */,
				B61657CB287FAD7B005E1087 /* CopyFiles */,
			);
			buildRules = (
			);
			dependencies = (
			);
			name = "友元函数";
			productName = "友元函数";
			productReference = B61657CD287FAD7B005E1087 /* 友元函数 */;
			productType = "com.apple.product-type.tool";
		};
		B61657DD287FB490005E1087 /* 重载 */ = {
			isa = PBXNativeTarget;
			buildConfigurationList = B61657E2287FB490005E1087 /* Build configuration list for PBXNativeTarget "重载" */;
			buildPhases = (
				B61657DA287FB490005E1087 /* Sources */,
				B61657DB287FB490005E1087 /* Frameworks */,
				B61657DC287FB490005E1087 /* CopyFiles */,
			);
			buildRules = (
			);
			dependencies = (
			);
			name = "重载";
			productName = "重载";
			productReference = B61657DE287FB490005E1087 /* 重载 */;
			productType = "com.apple.product-type.tool";
		};
		B61657E8287FBDF6005E1087 /* 派生类与基类 */ = {
			isa = PBXNativeTarget;
			buildConfigurationList = B61657ED287FBDF6005E1087 /* Build configuration list for PBXNativeTarget "派生类与基类" */;
			buildPhases = (
				B61657E5287FBDF6005E1087 /* Sources */,
				B61657E6287FBDF6005E1087 /* Frameworks */,
				B61657E7287FBDF6005E1087 /* CopyFiles */,
			);
			buildRules = (
			);
			dependencies = (
			);
			name = "派生类与基类";
			productName = "派生类与基类";
			productReference = B61657E9287FBDF6005E1087 /* 派生类与基类 */;
			productType = "com.apple.product-type.tool";
		};
		B61657F3287FC1DB005E1087 /* 构造函数&析构函数 */ = {
			isa = PBXNativeTarget;
			buildConfigurationList = B61657F8287FC1DB005E1087 /* Build configuration list for PBXNativeTarget "构造函数&析构函数" */;
			buildPhases = (
				B61657F0287FC1DB005E1087 /* Sources */,
				B61657F1287FC1DB005E1087 /* Frameworks */,
				B61657F2287FC1DB005E1087 /* CopyFiles */,
			);
			buildRules = (
			);
			dependencies = (
			);
			name = "构造函数&析构函数";
			productName = "构造函数&析构函数";
			productReference = B61657F4287FC1DB005E1087 /* 构造函数&析构函数 */;
			productType = "com.apple.product-type.tool";
		};
		B61657FE287FC683005E1087 /* 构造顺序 */ = {
			isa = PBXNativeTarget;
			buildConfigurationList = B6165803287FC683005E1087 /* Build configuration list for PBXNativeTarget "构造顺序" */;
			buildPhases = (
				B61657FB287FC683005E1087 /* Sources */,
				B61657FC287FC683005E1087 /* Frameworks */,
				B61657FD287FC683005E1087 /* CopyFiles */,
			);
			buildRules = (
			);
			dependencies = (
			);
			name = "构造顺序";
			productName = "构造顺序";
			productReference = B61657FF287FC683005E1087 /* 构造顺序 */;
			productType = "com.apple.product-type.tool";
		};
		B61EEF02289A718B006189C5 /* 从基类继承的成员将访问到派生类版本 */ = {
			isa = PBXNativeTarget;
			buildConfigurationList = B61EEF09289A718B006189C5 /* Build configuration list for PBXNativeTarget "从基类继承的成员将访问到派生类版本" */;
			buildPhases = (
				B61EEEFF289A718B006189C5 /* Sources */,
				B61EEF00289A718B006189C5 /* Frameworks */,
				B61EEF01289A718B006189C5 /* CopyFiles */,
			);
			buildRules = (
			);
			dependencies = (
			);
			name = "从基类继承的成员将访问到派生类版本";
			productName = "从基类继承的成员将访问到派生类版本";
			productReference = B61EEF03289A718B006189C5 /* 从基类继承的成员将访问到派生类版本 */;
			productType = "com.apple.product-type.tool";
		};
		B61EEF0D289A71D4006189C5 /* 分配工资问题 */ = {
			isa = PBXNativeTarget;
			buildConfigurationList = B61EEF12289A71D5006189C5 /* Build configuration list for PBXNativeTarget "分配工资问题" */;
			buildPhases = (
				B61EEF0A289A71D4006189C5 /* Sources */,
				B61EEF0B289A71D4006189C5 /* Frameworks */,
				B61EEF0C289A71D4006189C5 /* CopyFiles */,
			);
			buildRules = (
			);
			dependencies = (
			);
			name = "分配工资问题";
			productName = "分配工资问题";
			productReference = B61EEF0E289A71D4006189C5 /* 分配工资问题 */;
			productType = "com.apple.product-type.tool";
		};
		B61EEF18289A7AE3006189C5 /* 虚函数 */ = {
			isa = PBXNativeTarget;
			buildConfigurationList = B61EEF1D289A7AE4006189C5 /* Build configuration list for PBXNativeTarget "虚函数" */;
			buildPhases = (
				B61EEF15289A7AE3006189C5 /* Sources */,
				B61EEF16289A7AE3006189C5 /* Frameworks */,
				B61EEF17289A7AE3006189C5 /* CopyFiles */,
			);
			buildRules = (
			);
			dependencies = (
			);
			name = "虚函数";
			productName = "虚函数";
			productReference = B61EEF19289A7AE3006189C5 /* 虚函数 */;
			productType = "com.apple.product-type.tool";
		};
		B61EEF23289A7D9F006189C5 /* 重载=号 */ = {
			isa = PBXNativeTarget;
			buildConfigurationList = B61EEF28289A7D9F006189C5 /* Build configuration list for PBXNativeTarget "重载=号" */;
			buildPhases = (
				B61EEF20289A7D9F006189C5 /* Sources */,
				B61EEF21289A7D9F006189C5 /* Frameworks */,
				B61EEF22289A7D9F006189C5 /* CopyFiles */,
			);
			buildRules = (
			);
			dependencies = (
			);
			name = "重载=号";
			productName = "重载=号";
			productReference = B61EEF24289A7D9F006189C5 /* 重载=号 */;
			productType = "com.apple.product-type.tool";
		};
		B61EEF2E289A7E18006189C5 /* 重载运算符 */ = {
			isa = PBXNativeTarget;
			buildConfigurationList = B61EEF33289A7E18006189C5 /* Build configuration list for PBXNativeTarget "重载运算符" */;
			buildPhases = (
				B61EEF2B289A7E18006189C5 /* Sources */,
				B61EEF2C289A7E18006189C5 /* Frameworks */,
				B61EEF2D289A7E18006189C5 /* CopyFiles */,
			);
			buildRules = (
			);
			dependencies = (
			);
			name = "重载运算符";
			productName = "重载运算符";
			productReference = B61EEF2F289A7E18006189C5 /* 重载运算符 */;
			productType = "com.apple.product-type.tool";
		};
		B61EEF3D289B695A006189C5 /* 异常 */ = {
			isa = PBXNativeTarget;
			buildConfigurationList = B61EEF42289B695A006189C5 /* Build configuration list for PBXNativeTarget "异常" */;
			buildPhases = (
				B61EEF3A289B695A006189C5 /* Sources */,
				B61EEF3B289B695A006189C5 /* Frameworks */,
				B61EEF3C289B695A006189C5 /* CopyFiles */,
			);
			buildRules = (
			);
			dependencies = (
			);
			name = "异常";
			productName = "异常";
			productReference = B61EEF3E289B695A006189C5 /* 异常 */;
			productType = "com.apple.product-type.tool";
		};
		B61EEF48289B70F6006189C5 /* 虚函数表 */ = {
			isa = PBXNativeTarget;
			buildConfigurationList = B61EEF4D289B70F6006189C5 /* Build configuration list for PBXNativeTarget "虚函数表" */;
			buildPhases = (
				B61EEF45289B70F6006189C5 /* Sources */,
				B61EEF46289B70F6006189C5 /* Frameworks */,
				B61EEF47289B70F6006189C5 /* CopyFiles */,
			);
			buildRules = (
			);
			dependencies = (
			);
			name = "虚函数表";
			productName = "虚函数表";
			productReference = B61EEF49289B70F6006189C5 /* 虚函数表 */;
			productType = "com.apple.product-type.tool";
		};
		B61EEF53289B7313006189C5 /* 虚函数的参数 */ = {
			isa = PBXNativeTarget;
			buildConfigurationList = B61EEF58289B7313006189C5 /* Build configuration list for PBXNativeTarget "虚函数的参数" */;
			buildPhases = (
				B61EEF50289B7313006189C5 /* Sources */,
				B61EEF51289B7313006189C5 /* Frameworks */,
				B61EEF52289B7313006189C5 /* CopyFiles */,
			);
			buildRules = (
			);
			dependencies = (
			);
			name = "虚函数的参数";
			productName = "虚函数的参数";
			productReference = B61EEF54289B7313006189C5 /* 虚函数的参数 */;
			productType = "com.apple.product-type.tool";
		};
		B682A9A728866CA300F90124 /* 虚拟继承 */ = {
			isa = PBXNativeTarget;
			buildConfigurationList = B682A9AE28866CA300F90124 /* Build configuration list for PBXNativeTarget "虚拟继承" */;
			buildPhases = (
				B682A9A428866CA300F90124 /* Sources */,
				B682A9A528866CA300F90124 /* Frameworks */,
				B682A9A628866CA300F90124 /* CopyFiles */,
			);
			buildRules = (
			);
			dependencies = (
			);
			name = "虚拟继承";
			productName = "虚拟继承";
			productReference = B682A9A828866CA300F90124 /* 虚拟继承 */;
			productType = "com.apple.product-type.tool";
		};
		B682A9B228866D9300F90124 /* 派生类初始化 */ = {
			isa = PBXNativeTarget;
			buildConfigurationList = B682A9B728866D9300F90124 /* Build configuration list for PBXNativeTarget "派生类初始化" */;
			buildPhases = (
				B682A9AF28866D9300F90124 /* Sources */,
				B682A9B028866D9300F90124 /* Frameworks */,
				B682A9B128866D9300F90124 /* CopyFiles */,
			);
			buildRules = (
			);
			dependencies = (
			);
			name = "派生类初始化";
			productName = "派生类初始化";
			productReference = B682A9B328866D9300F90124 /* 派生类初始化 */;
			productType = "com.apple.product-type.tool";
		};
		B682A9BD28868D5400F90124 /* 习题15.8 */ = {
			isa = PBXNativeTarget;
			buildConfigurationList = B682A9C228868D5400F90124 /* Build configuration list for PBXNativeTarget "习题15.8" */;
			buildPhases = (
				B682A9BA28868D5400F90124 /* Sources */,
				B682A9BB28868D5400F90124 /* Frameworks */,
				B682A9BC28868D5400F90124 /* CopyFiles */,
			);
			buildRules = (
			);
			dependencies = (
			);
			name = "习题15.8";
			productName = "习题15.8";
			productReference = B682A9BE28868D5400F90124 /* 习题15.8 */;
			productType = "com.apple.product-type.tool";
		};
/* End PBXNativeTarget section */

/* Begin PBXProject section */
		B6165787287D19EF005E1087 /* Project object */ = {
			isa = PBXProject;
			attributes = {
				BuildIndependentTargetsInParallel = 1;
				LastUpgradeCheck = 1340;
				TargetAttributes = {
					B616578E287D19EF005E1087 = {
						CreatedOnToolsVersion = 13.4;
					};
					B61657B6287E6B1B005E1087 = {
						CreatedOnToolsVersion = 13.4;
					};
					B61657C1287E9CFA005E1087 = {
						CreatedOnToolsVersion = 13.4;
					};
					B61657CC287FAD7B005E1087 = {
						CreatedOnToolsVersion = 13.4;
					};
					B61657DD287FB490005E1087 = {
						CreatedOnToolsVersion = 13.4;
					};
					B61657E8287FBDF6005E1087 = {
						CreatedOnToolsVersion = 13.4;
					};
					B61657F3287FC1DB005E1087 = {
						CreatedOnToolsVersion = 13.4;
					};
					B61657FE287FC683005E1087 = {
						CreatedOnToolsVersion = 13.4;
					};
					B61EEF02289A718B006189C5 = {
						CreatedOnToolsVersion = 13.4;
					};
					B61EEF0D289A71D4006189C5 = {
						CreatedOnToolsVersion = 13.4;
					};
					B61EEF18289A7AE3006189C5 = {
						CreatedOnToolsVersion = 13.4;
					};
					B61EEF23289A7D9F006189C5 = {
						CreatedOnToolsVersion = 13.4;
					};
					B61EEF2E289A7E18006189C5 = {
						CreatedOnToolsVersion = 13.4;
					};
					B61EEF3D289B695A006189C5 = {
						CreatedOnToolsVersion = 13.4;
					};
					B61EEF48289B70F6006189C5 = {
						CreatedOnToolsVersion = 13.4;
					};
					B61EEF53289B7313006189C5 = {
						CreatedOnToolsVersion = 13.4;
					};
					B682A9A728866CA300F90124 = {
						CreatedOnToolsVersion = 13.4;
					};
					B682A9B228866D9300F90124 = {
						CreatedOnToolsVersion = 13.4;
					};
					B682A9BD28868D5400F90124 = {
						CreatedOnToolsVersion = 13.4;
					};
				};
			};
			buildConfigurationList = B616578A287D19EF005E1087 /* Build configuration list for PBXProject "C++练习" */;
			compatibilityVersion = "Xcode 13.0";
			developmentRegion = en;
			hasScannedForEncodings = 0;
			knownRegions = (
				en,
				Base,
			);
			mainGroup = B6165786287D19EF005E1087;
			productRefGroup = B6165790287D19EF005E1087 /* Products */;
			projectDirPath = "";
			projectRoot = "";
			targets = (
				B616578E287D19EF005E1087 /* C++练习 */,
				B61657B6287E6B1B005E1087 /* 静态变量 */,
				B61657C1287E9CFA005E1087 /* const用法 */,
				B61657CC287FAD7B005E1087 /* 友元函数 */,
				B61657DD287FB490005E1087 /* 重载 */,
				B61657E8287FBDF6005E1087 /* 派生类与基类 */,
				B61657F3287FC1DB005E1087 /* 构造函数&析构函数 */,
				B61657FE287FC683005E1087 /* 构造顺序 */,
				B682A9A728866CA300F90124 /* 虚拟继承 */,
				B682A9B228866D9300F90124 /* 派生类初始化 */,
				B682A9BD28868D5400F90124 /* 习题15.8 */,
				B61EEF02289A718B006189C5 /* 从基类继承的成员将访问到派生类版本 */,
				B61EEF0D289A71D4006189C5 /* 分配工资问题 */,
				B61EEF18289A7AE3006189C5 /* 虚函数 */,
				B61EEF23289A7D9F006189C5 /* 重载=号 */,
				B61EEF2E289A7E18006189C5 /* 重载运算符 */,
				B61EEF3D289B695A006189C5 /* 异常 */,
				B61EEF48289B70F6006189C5 /* 虚函数表 */,
				B61EEF53289B7313006189C5 /* 虚函数的参数 */,
			);
		};
/* End PBXProject section */

/* Begin PBXSourcesBuildPhase section */
		B616578B287D19EF005E1087 /* Sources */ = {
			isa = PBXSourcesBuildPhase;
			buildActionMask = 2147483647;
			files = (
				B6165793287D19EF005E1087 /* main.cpp in Sources */,
			);
			runOnlyForDeploymentPostprocessing = 0;
		};
		B61657B3287E6B1B005E1087 /* Sources */ = {
			isa = PBXSourcesBuildPhase;
			buildActionMask = 2147483647;
			files = (
				B61657BA287E6B1B005E1087 /* main.cpp in Sources */,
			);
			runOnlyForDeploymentPostprocessing = 0;
		};
		B61657BE287E9CFA005E1087 /* Sources */ = {
			isa = PBXSourcesBuildPhase;
			buildActionMask = 2147483647;
			files = (
				B61657C5287E9CFA005E1087 /* main.cpp in Sources */,
			);
			runOnlyForDeploymentPostprocessing = 0;
		};
		B61657C9287FAD7B005E1087 /* Sources */ = {
			isa = PBXSourcesBuildPhase;
			buildActionMask = 2147483647;
			files = (
				B61657D0287FAD7B005E1087 /* main.cpp in Sources */,
			);
			runOnlyForDeploymentPostprocessing = 0;
		};
		B61657DA287FB490005E1087 /* Sources */ = {
			isa = PBXSourcesBuildPhase;
			buildActionMask = 2147483647;
			files = (
				B61657E1287FB490005E1087 /* main.cpp in Sources */,
			);
			runOnlyForDeploymentPostprocessing = 0;
		};
		B61657E5287FBDF6005E1087 /* Sources */ = {
			isa = PBXSourcesBuildPhase;
			buildActionMask = 2147483647;
			files = (
				B61657EC287FBDF6005E1087 /* main.cpp in Sources */,
			);
			runOnlyForDeploymentPostprocessing = 0;
		};
		B61657F0287FC1DB005E1087 /* Sources */ = {
			isa = PBXSourcesBuildPhase;
			buildActionMask = 2147483647;
			files = (
				B61657F7287FC1DB005E1087 /* main.cpp in Sources */,
			);
			runOnlyForDeploymentPostprocessing = 0;
		};
		B61657FB287FC683005E1087 /* Sources */ = {
			isa = PBXSourcesBuildPhase;
			buildActionMask = 2147483647;
			files = (
				B6165802287FC683005E1087 /* main.cpp in Sources */,
			);
			runOnlyForDeploymentPostprocessing = 0;
		};
		B61EEEFF289A718B006189C5 /* Sources */ = {
			isa = PBXSourcesBuildPhase;
			buildActionMask = 2147483647;
			files = (
				B61EEF06289A718B006189C5 /* main.cpp in Sources */,
			);
			runOnlyForDeploymentPostprocessing = 0;
		};
		B61EEF0A289A71D4006189C5 /* Sources */ = {
			isa = PBXSourcesBuildPhase;
			buildActionMask = 2147483647;
			files = (
				B61EEF11289A71D5006189C5 /* main.cpp in Sources */,
			);
			runOnlyForDeploymentPostprocessing = 0;
		};
		B61EEF15289A7AE3006189C5 /* Sources */ = {
			isa = PBXSourcesBuildPhase;
			buildActionMask = 2147483647;
			files = (
				B61EEF1C289A7AE4006189C5 /* main.cpp in Sources */,
			);
			runOnlyForDeploymentPostprocessing = 0;
		};
		B61EEF20289A7D9F006189C5 /* Sources */ = {
			isa = PBXSourcesBuildPhase;
			buildActionMask = 2147483647;
			files = (
				B61EEF27289A7D9F006189C5 /* main.cpp in Sources */,
			);
			runOnlyForDeploymentPostprocessing = 0;
		};
		B61EEF2B289A7E18006189C5 /* Sources */ = {
			isa = PBXSourcesBuildPhase;
			buildActionMask = 2147483647;
			files = (
				B61EEF32289A7E18006189C5 /* main.cpp in Sources */,
			);
			runOnlyForDeploymentPostprocessing = 0;
		};
		B61EEF3A289B695A006189C5 /* Sources */ = {
			isa = PBXSourcesBuildPhase;
			buildActionMask = 2147483647;
			files = (
				B61EEF41289B695A006189C5 /* main.cpp in Sources */,
			);
			runOnlyForDeploymentPostprocessing = 0;
		};
		B61EEF45289B70F6006189C5 /* Sources */ = {
			isa = PBXSourcesBuildPhase;
			buildActionMask = 2147483647;
			files = (
				B61EEF4C289B70F6006189C5 /* main.cpp in Sources */,
			);
			runOnlyForDeploymentPostprocessing = 0;
		};
		B61EEF50289B7313006189C5 /* Sources */ = {
			isa = PBXSourcesBuildPhase;
			buildActionMask = 2147483647;
			files = (
				B61EEF57289B7313006189C5 /* main.cpp in Sources */,
			);
			runOnlyForDeploymentPostprocessing = 0;
		};
		B682A9A428866CA300F90124 /* Sources */ = {
			isa = PBXSourcesBuildPhase;
			buildActionMask = 2147483647;
			files = (
				B682A9AB28866CA300F90124 /* main.cpp in Sources */,
			);
			runOnlyForDeploymentPostprocessing = 0;
		};
		B682A9AF28866D9300F90124 /* Sources */ = {
			isa = PBXSourcesBuildPhase;
			buildActionMask = 2147483647;
			files = (
				B682A9B628866D9300F90124 /* main.cpp in Sources */,
			);
			runOnlyForDeploymentPostprocessing = 0;
		};
		B682A9BA28868D5400F90124 /* Sources */ = {
			isa = PBXSourcesBuildPhase;
			buildActionMask = 2147483647;
			files = (
				B682A9C128868D5400F90124 /* main.cpp in Sources */,
			);
			runOnlyForDeploymentPostprocessing = 0;
		};
/* End PBXSourcesBuildPhase section */

/* Begin XCBuildConfiguration section */
		B6165794287D19EF005E1087 /* Debug */ = {
			isa = XCBuildConfiguration;
			buildSettings = {
				ALWAYS_SEARCH_USER_PATHS = NO;
				CLANG_ANALYZER_NONNULL = YES;
				CLANG_ANALYZER_NUMBER_OBJECT_CONVERSION = YES_AGGRESSIVE;
				CLANG_CXX_LANGUAGE_STANDARD = "gnu++17";
				CLANG_ENABLE_MODULES = YES;
				CLANG_ENABLE_OBJC_ARC = YES;
				CLANG_ENABLE_OBJC_WEAK = YES;
				CLANG_WARN_BLOCK_CAPTURE_AUTORELEASING = YES;
				CLANG_WARN_BOOL_CONVERSION = YES;
				CLANG_WARN_COMMA = YES;
				CLANG_WARN_CONSTANT_CONVERSION = YES;
				CLANG_WARN_DEPRECATED_OBJC_IMPLEMENTATIONS = YES;
				CLANG_WARN_DIRECT_OBJC_ISA_USAGE = YES_ERROR;
				CLANG_WARN_DOCUMENTATION_COMMENTS = YES;
				CLANG_WARN_EMPTY_BODY = YES;
				CLANG_WARN_ENUM_CONVERSION = YES;
				CLANG_WARN_INFINITE_RECURSION = YES;
				CLANG_WARN_INT_CONVERSION = YES;
				CLANG_WARN_NON_LITERAL_NULL_CONVERSION = YES;
				CLANG_WARN_OBJC_IMPLICIT_RETAIN_SELF = YES;
				CLANG_WARN_OBJC_LITERAL_CONVERSION = YES;
				CLANG_WARN_OBJC_ROOT_CLASS = YES_ERROR;
				CLANG_WARN_QUOTED_INCLUDE_IN_FRAMEWORK_HEADER = YES;
				CLANG_WARN_RANGE_LOOP_ANALYSIS = YES;
				CLANG_WARN_STRICT_PROTOTYPES = YES;
				CLANG_WARN_SUSPICIOUS_MOVE = YES;
				CLANG_WARN_UNGUARDED_AVAILABILITY = YES_AGGRESSIVE;
				CLANG_WARN_UNREACHABLE_CODE = YES;
				CLANG_WARN__DUPLICATE_METHOD_MATCH = YES;
				COPY_PHASE_STRIP = NO;
				DEBUG_INFORMATION_FORMAT = dwarf;
				ENABLE_STRICT_OBJC_MSGSEND = YES;
				ENABLE_TESTABILITY = YES;
				GCC_C_LANGUAGE_STANDARD = gnu11;
				GCC_DYNAMIC_NO_PIC = NO;
				GCC_NO_COMMON_BLOCKS = YES;
				GCC_OPTIMIZATION_LEVEL = 0;
				GCC_PREPROCESSOR_DEFINITIONS = (
					"DEBUG=1",
					"$(inherited)",
				);
				GCC_WARN_64_TO_32_BIT_CONVERSION = YES;
				GCC_WARN_ABOUT_RETURN_TYPE = YES_ERROR;
				GCC_WARN_UNDECLARED_SELECTOR = YES;
				GCC_WARN_UNINITIALIZED_AUTOS = YES_AGGRESSIVE;
				GCC_WARN_UNUSED_FUNCTION = YES;
				GCC_WARN_UNUSED_VARIABLE = YES;
				MACOSX_DEPLOYMENT_TARGET = 12.0;
				MTL_ENABLE_DEBUG_INFO = INCLUDE_SOURCE;
				MTL_FAST_MATH = YES;
				ONLY_ACTIVE_ARCH = YES;
				SDKROOT = macosx;
			};
			name = Debug;
		};
		B6165795287D19EF005E1087 /* Release */ = {
			isa = XCBuildConfiguration;
			buildSettings = {
				ALWAYS_SEARCH_USER_PATHS = NO;
				CLANG_ANALYZER_NONNULL = YES;
				CLANG_ANALYZER_NUMBER_OBJECT_CONVERSION = YES_AGGRESSIVE;
				CLANG_CXX_LANGUAGE_STANDARD = "gnu++17";
				CLANG_ENABLE_MODULES = YES;
				CLANG_ENABLE_OBJC_ARC = YES;
				CLANG_ENABLE_OBJC_WEAK = YES;
				CLANG_WARN_BLOCK_CAPTURE_AUTORELEASING = YES;
				CLANG_WARN_BOOL_CONVERSION = YES;
				CLANG_WARN_COMMA = YES;
				CLANG_WARN_CONSTANT_CONVERSION = YES;
				CLANG_WARN_DEPRECATED_OBJC_IMPLEMENTATIONS = YES;
				CLANG_WARN_DIRECT_OBJC_ISA_USAGE = YES_ERROR;
				CLANG_WARN_DOCUMENTATION_COMMENTS = YES;
				CLANG_WARN_EMPTY_BODY = YES;
				CLANG_WARN_ENUM_CONVERSION = YES;
				CLANG_WARN_INFINITE_RECURSION = YES;
				CLANG_WARN_INT_CONVERSION = YES;
				CLANG_WARN_NON_LITERAL_NULL_CONVERSION = YES;
				CLANG_WARN_OBJC_IMPLICIT_RETAIN_SELF = YES;
				CLANG_WARN_OBJC_LITERAL_CONVERSION = YES;
				CLANG_WARN_OBJC_ROOT_CLASS = YES_ERROR;
				CLANG_WARN_QUOTED_INCLUDE_IN_FRAMEWORK_HEADER = YES;
				CLANG_WARN_RANGE_LOOP_ANALYSIS = YES;
				CLANG_WARN_STRICT_PROTOTYPES = YES;
				CLANG_WARN_SUSPICIOUS_MOVE = YES;
				CLANG_WARN_UNGUARDED_AVAILABILITY = YES_AGGRESSIVE;
				CLANG_WARN_UNREACHABLE_CODE = YES;
				CLANG_WARN__DUPLICATE_METHOD_MATCH = YES;
				COPY_PHASE_STRIP = NO;
				DEBUG_INFORMATION_FORMAT = "dwarf-with-dsym";
				ENABLE_NS_ASSERTIONS = NO;
				ENABLE_STRICT_OBJC_MSGSEND = YES;
				GCC_C_LANGUAGE_STANDARD = gnu11;
				GCC_NO_COMMON_BLOCKS = YES;
				GCC_WARN_64_TO_32_BIT_CONVERSION = YES;
				GCC_WARN_ABOUT_RETURN_TYPE = YES_ERROR;
				GCC_WARN_UNDECLARED_SELECTOR = YES;
				GCC_WARN_UNINITIALIZED_AUTOS = YES_AGGRESSIVE;
				GCC_WARN_UNUSED_FUNCTION = YES;
				GCC_WARN_UNUSED_VARIABLE = YES;
				MACOSX_DEPLOYMENT_TARGET = 12.0;
				MTL_ENABLE_DEBUG_INFO = NO;
				MTL_FAST_MATH = YES;
				SDKROOT = macosx;
			};
			name = Release;
		};
		B6165797287D19EF005E1087 /* Debug */ = {
			isa = XCBuildConfiguration;
			buildSettings = {
				CODE_SIGN_STYLE = Automatic;
				DEVELOPMENT_TEAM = 8E2J3QZ8ZD;
				ENABLE_HARDENED_RUNTIME = YES;
				PRODUCT_NAME = "$(TARGET_NAME)";
			};
			name = Debug;
		};
		B6165798287D19EF005E1087 /* Release */ = {
			isa = XCBuildConfiguration;
			buildSettings = {
				CODE_SIGN_STYLE = Automatic;
				DEVELOPMENT_TEAM = 8E2J3QZ8ZD;
				ENABLE_HARDENED_RUNTIME = YES;
				PRODUCT_NAME = "$(TARGET_NAME)";
			};
			name = Release;
		};
		B61657BC287E6B1B005E1087 /* Debug */ = {
			isa = XCBuildConfiguration;
			buildSettings = {
				CODE_SIGN_STYLE = Automatic;
				DEVELOPMENT_TEAM = 8E2J3QZ8ZD;
				ENABLE_HARDENED_RUNTIME = YES;
				PRODUCT_NAME = "$(TARGET_NAME)";
			};
			name = Debug;
		};
		B61657BD287E6B1B005E1087 /* Release */ = {
			isa = XCBuildConfiguration;
			buildSettings = {
				CODE_SIGN_STYLE = Automatic;
				DEVELOPMENT_TEAM = 8E2J3QZ8ZD;
				ENABLE_HARDENED_RUNTIME = YES;
				PRODUCT_NAME = "$(TARGET_NAME)";
			};
			name = Release;
		};
		B61657C7287E9CFA005E1087 /* Debug */ = {
			isa = XCBuildConfiguration;
			buildSettings = {
				CODE_SIGN_STYLE = Automatic;
				DEVELOPMENT_TEAM = 8E2J3QZ8ZD;
				ENABLE_HARDENED_RUNTIME = YES;
				PRODUCT_NAME = "$(TARGET_NAME)";
			};
			name = Debug;
		};
		B61657C8287E9CFA005E1087 /* Release */ = {
			isa = XCBuildConfiguration;
			buildSettings = {
				CODE_SIGN_STYLE = Automatic;
				DEVELOPMENT_TEAM = 8E2J3QZ8ZD;
				ENABLE_HARDENED_RUNTIME = YES;
				PRODUCT_NAME = "$(TARGET_NAME)";
			};
			name = Release;
		};
		B61657D2287FAD7B005E1087 /* Debug */ = {
			isa = XCBuildConfiguration;
			buildSettings = {
				CODE_SIGN_STYLE = Automatic;
				DEVELOPMENT_TEAM = 8E2J3QZ8ZD;
				ENABLE_HARDENED_RUNTIME = YES;
				PRODUCT_NAME = "$(TARGET_NAME)";
			};
			name = Debug;
		};
		B61657D3287FAD7B005E1087 /* Release */ = {
			isa = XCBuildConfiguration;
			buildSettings = {
				CODE_SIGN_STYLE = Automatic;
				DEVELOPMENT_TEAM = 8E2J3QZ8ZD;
				ENABLE_HARDENED_RUNTIME = YES;
				PRODUCT_NAME = "$(TARGET_NAME)";
			};
			name = Release;
		};
		B61657E3287FB490005E1087 /* Debug */ = {
			isa = XCBuildConfiguration;
			buildSettings = {
				CODE_SIGN_STYLE = Automatic;
				DEVELOPMENT_TEAM = 8E2J3QZ8ZD;
				ENABLE_HARDENED_RUNTIME = YES;
				PRODUCT_NAME = "$(TARGET_NAME)";
			};
			name = Debug;
		};
		B61657E4287FB490005E1087 /* Release */ = {
			isa = XCBuildConfiguration;
			buildSettings = {
				CODE_SIGN_STYLE = Automatic;
				DEVELOPMENT_TEAM = 8E2J3QZ8ZD;
				ENABLE_HARDENED_RUNTIME = YES;
				PRODUCT_NAME = "$(TARGET_NAME)";
			};
			name = Release;
		};
		B61657EE287FBDF6005E1087 /* Debug */ = {
			isa = XCBuildConfiguration;
			buildSettings = {
				CODE_SIGN_STYLE = Automatic;
				DEVELOPMENT_TEAM = 8E2J3QZ8ZD;
				ENABLE_HARDENED_RUNTIME = YES;
				PRODUCT_NAME = "$(TARGET_NAME)";
			};
			name = Debug;
		};
		B61657EF287FBDF6005E1087 /* Release */ = {
			isa = XCBuildConfiguration;
			buildSettings = {
				CODE_SIGN_STYLE = Automatic;
				DEVELOPMENT_TEAM = 8E2J3QZ8ZD;
				ENABLE_HARDENED_RUNTIME = YES;
				PRODUCT_NAME = "$(TARGET_NAME)";
			};
			name = Release;
		};
		B61657F9287FC1DB005E1087 /* Debug */ = {
			isa = XCBuildConfiguration;
			buildSettings = {
				CODE_SIGN_STYLE = Automatic;
				DEVELOPMENT_TEAM = 8E2J3QZ8ZD;
				ENABLE_HARDENED_RUNTIME = YES;
				PRODUCT_NAME = "$(TARGET_NAME)";
			};
			name = Debug;
		};
		B61657FA287FC1DB005E1087 /* Release */ = {
			isa = XCBuildConfiguration;
			buildSettings = {
				CODE_SIGN_STYLE = Automatic;
				DEVELOPMENT_TEAM = 8E2J3QZ8ZD;
				ENABLE_HARDENED_RUNTIME = YES;
				PRODUCT_NAME = "$(TARGET_NAME)";
			};
			name = Release;
		};
		B6165804287FC683005E1087 /* Debug */ = {
			isa = XCBuildConfiguration;
			buildSettings = {
				CODE_SIGN_STYLE = Automatic;
				DEVELOPMENT_TEAM = 8E2J3QZ8ZD;
				ENABLE_HARDENED_RUNTIME = YES;
				PRODUCT_NAME = "$(TARGET_NAME)";
			};
			name = Debug;
		};
		B6165805287FC683005E1087 /* Release */ = {
			isa = XCBuildConfiguration;
			buildSettings = {
				CODE_SIGN_STYLE = Automatic;
				DEVELOPMENT_TEAM = 8E2J3QZ8ZD;
				ENABLE_HARDENED_RUNTIME = YES;
				PRODUCT_NAME = "$(TARGET_NAME)";
			};
			name = Release;
		};
		B61EEF07289A718B006189C5 /* Debug */ = {
			isa = XCBuildConfiguration;
			buildSettings = {
				CODE_SIGN_STYLE = Automatic;
				DEVELOPMENT_TEAM = 8E2J3QZ8ZD;
				ENABLE_HARDENED_RUNTIME = YES;
				PRODUCT_NAME = "$(TARGET_NAME)";
			};
			name = Debug;
		};
		B61EEF08289A718B006189C5 /* Release */ = {
			isa = XCBuildConfiguration;
			buildSettings = {
				CODE_SIGN_STYLE = Automatic;
				DEVELOPMENT_TEAM = 8E2J3QZ8ZD;
				ENABLE_HARDENED_RUNTIME = YES;
				PRODUCT_NAME = "$(TARGET_NAME)";
			};
			name = Release;
		};
		B61EEF13289A71D5006189C5 /* Debug */ = {
			isa = XCBuildConfiguration;
			buildSettings = {
				CODE_SIGN_STYLE = Automatic;
				DEVELOPMENT_TEAM = 8E2J3QZ8ZD;
				ENABLE_HARDENED_RUNTIME = YES;
				PRODUCT_NAME = "$(TARGET_NAME)";
			};
			name = Debug;
		};
		B61EEF14289A71D5006189C5 /* Release */ = {
			isa = XCBuildConfiguration;
			buildSettings = {
				CODE_SIGN_STYLE = Automatic;
				DEVELOPMENT_TEAM = 8E2J3QZ8ZD;
				ENABLE_HARDENED_RUNTIME = YES;
				PRODUCT_NAME = "$(TARGET_NAME)";
			};
			name = Release;
		};
		B61EEF1E289A7AE4006189C5 /* Debug */ = {
			isa = XCBuildConfiguration;
			buildSettings = {
				CODE_SIGN_STYLE = Automatic;
				DEVELOPMENT_TEAM = 8E2J3QZ8ZD;
				ENABLE_HARDENED_RUNTIME = YES;
				PRODUCT_NAME = "$(TARGET_NAME)";
			};
			name = Debug;
		};
		B61EEF1F289A7AE4006189C5 /* Release */ = {
			isa = XCBuildConfiguration;
			buildSettings = {
				CODE_SIGN_STYLE = Automatic;
				DEVELOPMENT_TEAM = 8E2J3QZ8ZD;
				ENABLE_HARDENED_RUNTIME = YES;
				PRODUCT_NAME = "$(TARGET_NAME)";
			};
			name = Release;
		};
		B61EEF29289A7D9F006189C5 /* Debug */ = {
			isa = XCBuildConfiguration;
			buildSettings = {
				CODE_SIGN_STYLE = Automatic;
				DEVELOPMENT_TEAM = 8E2J3QZ8ZD;
				ENABLE_HARDENED_RUNTIME = YES;
				PRODUCT_NAME = "$(TARGET_NAME)";
			};
			name = Debug;
		};
		B61EEF2A289A7D9F006189C5 /* Release */ = {
			isa = XCBuildConfiguration;
			buildSettings = {
				CODE_SIGN_STYLE = Automatic;
				DEVELOPMENT_TEAM = 8E2J3QZ8ZD;
				ENABLE_HARDENED_RUNTIME = YES;
				PRODUCT_NAME = "$(TARGET_NAME)";
			};
			name = Release;
		};
		B61EEF34289A7E18006189C5 /* Debug */ = {
			isa = XCBuildConfiguration;
			buildSettings = {
				CODE_SIGN_STYLE = Automatic;
				DEVELOPMENT_TEAM = 8E2J3QZ8ZD;
				ENABLE_HARDENED_RUNTIME = YES;
				PRODUCT_NAME = "$(TARGET_NAME)";
			};
			name = Debug;
		};
		B61EEF35289A7E18006189C5 /* Release */ = {
			isa = XCBuildConfiguration;
			buildSettings = {
				CODE_SIGN_STYLE = Automatic;
				DEVELOPMENT_TEAM = 8E2J3QZ8ZD;
				ENABLE_HARDENED_RUNTIME = YES;
				PRODUCT_NAME = "$(TARGET_NAME)";
			};
			name = Release;
		};
		B61EEF43289B695A006189C5 /* Debug */ = {
			isa = XCBuildConfiguration;
			buildSettings = {
				CODE_SIGN_STYLE = Automatic;
				DEVELOPMENT_TEAM = 8E2J3QZ8ZD;
				ENABLE_HARDENED_RUNTIME = YES;
				PRODUCT_NAME = "$(TARGET_NAME)";
			};
			name = Debug;
		};
		B61EEF44289B695A006189C5 /* Release */ = {
			isa = XCBuildConfiguration;
			buildSettings = {
				CODE_SIGN_STYLE = Automatic;
				DEVELOPMENT_TEAM = 8E2J3QZ8ZD;
				ENABLE_HARDENED_RUNTIME = YES;
				PRODUCT_NAME = "$(TARGET_NAME)";
			};
			name = Release;
		};
		B61EEF4E289B70F6006189C5 /* Debug */ = {
			isa = XCBuildConfiguration;
			buildSettings = {
				CODE_SIGN_STYLE = Automatic;
				DEVELOPMENT_TEAM = 8E2J3QZ8ZD;
				ENABLE_HARDENED_RUNTIME = YES;
				PRODUCT_NAME = "$(TARGET_NAME)";
			};
			name = Debug;
		};
		B61EEF4F289B70F6006189C5 /* Release */ = {
			isa = XCBuildConfiguration;
			buildSettings = {
				CODE_SIGN_STYLE = Automatic;
				DEVELOPMENT_TEAM = 8E2J3QZ8ZD;
				ENABLE_HARDENED_RUNTIME = YES;
				PRODUCT_NAME = "$(TARGET_NAME)";
			};
			name = Release;
		};
		B61EEF59289B7313006189C5 /* Debug */ = {
			isa = XCBuildConfiguration;
			buildSettings = {
				CODE_SIGN_STYLE = Automatic;
				DEVELOPMENT_TEAM = 8E2J3QZ8ZD;
				ENABLE_HARDENED_RUNTIME = YES;
				PRODUCT_NAME = "$(TARGET_NAME)";
			};
			name = Debug;
		};
		B61EEF5A289B7313006189C5 /* Release */ = {
			isa = XCBuildConfiguration;
			buildSettings = {
				CODE_SIGN_STYLE = Automatic;
				DEVELOPMENT_TEAM = 8E2J3QZ8ZD;
				ENABLE_HARDENED_RUNTIME = YES;
				PRODUCT_NAME = "$(TARGET_NAME)";
			};
			name = Release;
		};
		B682A9AC28866CA300F90124 /* Debug */ = {
			isa = XCBuildConfiguration;
			buildSettings = {
				CODE_SIGN_STYLE = Automatic;
				DEVELOPMENT_TEAM = 8E2J3QZ8ZD;
				ENABLE_HARDENED_RUNTIME = YES;
				PRODUCT_NAME = "$(TARGET_NAME)";
			};
			name = Debug;
		};
		B682A9AD28866CA300F90124 /* Release */ = {
			isa = XCBuildConfiguration;
			buildSettings = {
				CODE_SIGN_STYLE = Automatic;
				DEVELOPMENT_TEAM = 8E2J3QZ8ZD;
				ENABLE_HARDENED_RUNTIME = YES;
				PRODUCT_NAME = "$(TARGET_NAME)";
			};
			name = Release;
		};
		B682A9B828866D9300F90124 /* Debug */ = {
			isa = XCBuildConfiguration;
			buildSettings = {
				CODE_SIGN_STYLE = Automatic;
				DEVELOPMENT_TEAM = 8E2J3QZ8ZD;
				ENABLE_HARDENED_RUNTIME = YES;
				PRODUCT_NAME = "$(TARGET_NAME)";
			};
			name = Debug;
		};
		B682A9B928866D9300F90124 /* Release */ = {
			isa = XCBuildConfiguration;
			buildSettings = {
				CODE_SIGN_STYLE = Automatic;
				DEVELOPMENT_TEAM = 8E2J3QZ8ZD;
				ENABLE_HARDENED_RUNTIME = YES;
				PRODUCT_NAME = "$(TARGET_NAME)";
			};
			name = Release;
		};
		B682A9C328868D5400F90124 /* Debug */ = {
			isa = XCBuildConfiguration;
			buildSettings = {
				CODE_SIGN_STYLE = Automatic;
				DEVELOPMENT_TEAM = 8E2J3QZ8ZD;
				ENABLE_HARDENED_RUNTIME = YES;
				PRODUCT_NAME = "$(TARGET_NAME)";
			};
			name = Debug;
		};
		B682A9C428868D5400F90124 /* Release */ = {
			isa = XCBuildConfiguration;
			buildSettings = {
				CODE_SIGN_STYLE = Automatic;
				DEVELOPMENT_TEAM = 8E2J3QZ8ZD;
				ENABLE_HARDENED_RUNTIME = YES;
				PRODUCT_NAME = "$(TARGET_NAME)";
			};
			name = Release;
		};
/* End XCBuildConfiguration section */

/* Begin XCConfigurationList section */
		B616578A287D19EF005E1087 /* Build configuration list for PBXProject "C++练习" */ = {
			isa = XCConfigurationList;
			buildConfigurations = (
				B6165794287D19EF005E1087 /* Debug */,
				B6165795287D19EF005E1087 /* Release */,
			);
			defaultConfigurationIsVisible = 0;
			defaultConfigurationName = Release;
		};
		B6165796287D19EF005E1087 /* Build configuration list for PBXNativeTarget "C++练习" */ = {
			isa = XCConfigurationList;
			buildConfigurations = (
				B6165797287D19EF005E1087 /* Debug */,
				B6165798287D19EF005E1087 /* Release */,
			);
			defaultConfigurationIsVisible = 0;
			defaultConfigurationName = Release;
		};
		B61657BB287E6B1B005E1087 /* Build configuration list for PBXNativeTarget "静态变量" */ = {
			isa = XCConfigurationList;
			buildConfigurations = (
				B61657BC287E6B1B005E1087 /* Debug */,
				B61657BD287E6B1B005E1087 /* Release */,
			);
			defaultConfigurationIsVisible = 0;
			defaultConfigurationName = Release;
		};
		B61657C6287E9CFA005E1087 /* Build configuration list for PBXNativeTarget "const用法" */ = {
			isa = XCConfigurationList;
			buildConfigurations = (
				B61657C7287E9CFA005E1087 /* Debug */,
				B61657C8287E9CFA005E1087 /* Release */,
			);
			defaultConfigurationIsVisible = 0;
			defaultConfigurationName = Release;
		};
		B61657D1287FAD7B005E1087 /* Build configuration list for PBXNativeTarget "友元函数" */ = {
			isa = XCConfigurationList;
			buildConfigurations = (
				B61657D2287FAD7B005E1087 /* Debug */,
				B61657D3287FAD7B005E1087 /* Release */,
			);
			defaultConfigurationIsVisible = 0;
			defaultConfigurationName = Release;
		};
		B61657E2287FB490005E1087 /* Build configuration list for PBXNativeTarget "重载" */ = {
			isa = XCConfigurationList;
			buildConfigurations = (
				B61657E3287FB490005E1087 /* Debug */,
				B61657E4287FB490005E1087 /* Release */,
			);
			defaultConfigurationIsVisible = 0;
			defaultConfigurationName = Release;
		};
		B61657ED287FBDF6005E1087 /* Build configuration list for PBXNativeTarget "派生类与基类" */ = {
			isa = XCConfigurationList;
			buildConfigurations = (
				B61657EE287FBDF6005E1087 /* Debug */,
				B61657EF287FBDF6005E1087 /* Release */,
			);
			defaultConfigurationIsVisible = 0;
			defaultConfigurationName = Release;
		};
		B61657F8287FC1DB005E1087 /* Build configuration list for PBXNativeTarget "构造函数&析构函数" */ = {
			isa = XCConfigurationList;
			buildConfigurations = (
				B61657F9287FC1DB005E1087 /* Debug */,
				B61657FA287FC1DB005E1087 /* Release */,
			);
			defaultConfigurationIsVisible = 0;
			defaultConfigurationName = Release;
		};
		B6165803287FC683005E1087 /* Build configuration list for PBXNativeTarget "构造顺序" */ = {
			isa = XCConfigurationList;
			buildConfigurations = (
				B6165804287FC683005E1087 /* Debug */,
				B6165805287FC683005E1087 /* Release */,
			);
			defaultConfigurationIsVisible = 0;
			defaultConfigurationName = Release;
		};
		B61EEF09289A718B006189C5 /* Build configuration list for PBXNativeTarget "从基类继承的成员将访问到派生类版本" */ = {
			isa = XCConfigurationList;
			buildConfigurations = (
				B61EEF07289A718B006189C5 /* Debug */,
				B61EEF08289A718B006189C5 /* Release */,
			);
			defaultConfigurationIsVisible = 0;
			defaultConfigurationName = Release;
		};
		B61EEF12289A71D5006189C5 /* Build configuration list for PBXNativeTarget "分配工资问题" */ = {
			isa = XCConfigurationList;
			buildConfigurations = (
				B61EEF13289A71D5006189C5 /* Debug */,
				B61EEF14289A71D5006189C5 /* Release */,
			);
			defaultConfigurationIsVisible = 0;
			defaultConfigurationName = Release;
		};
		B61EEF1D289A7AE4006189C5 /* Build configuration list for PBXNativeTarget "虚函数" */ = {
			isa = XCConfigurationList;
			buildConfigurations = (
				B61EEF1E289A7AE4006189C5 /* Debug */,
				B61EEF1F289A7AE4006189C5 /* Release */,
			);
			defaultConfigurationIsVisible = 0;
			defaultConfigurationName = Release;
		};
		B61EEF28289A7D9F006189C5 /* Build configuration list for PBXNativeTarget "重载=号" */ = {
			isa = XCConfigurationList;
			buildConfigurations = (
				B61EEF29289A7D9F006189C5 /* Debug */,
				B61EEF2A289A7D9F006189C5 /* Release */,
			);
			defaultConfigurationIsVisible = 0;
			defaultConfigurationName = Release;
		};
		B61EEF33289A7E18006189C5 /* Build configuration list for PBXNativeTarget "重载运算符" */ = {
			isa = XCConfigurationList;
			buildConfigurations = (
				B61EEF34289A7E18006189C5 /* Debug */,
				B61EEF35289A7E18006189C5 /* Release */,
			);
			defaultConfigurationIsVisible = 0;
			defaultConfigurationName = Release;
		};
		B61EEF42289B695A006189C5 /* Build configuration list for PBXNativeTarget "异常" */ = {
			isa = XCConfigurationList;
			buildConfigurations = (
				B61EEF43289B695A006189C5 /* Debug */,
				B61EEF44289B695A006189C5 /* Release */,
			);
			defaultConfigurationIsVisible = 0;
			defaultConfigurationName = Release;
		};
		B61EEF4D289B70F6006189C5 /* Build configuration list for PBXNativeTarget "虚函数表" */ = {
			isa = XCConfigurationList;
			buildConfigurations = (
				B61EEF4E289B70F6006189C5 /* Debug */,
				B61EEF4F289B70F6006189C5 /* Release */,
			);
			defaultConfigurationIsVisible = 0;
			defaultConfigurationName = Release;
		};
		B61EEF58289B7313006189C5 /* Build configuration list for PBXNativeTarget "虚函数的参数" */ = {
			isa = XCConfigurationList;
			buildConfigurations = (
				B61EEF59289B7313006189C5 /* Debug */,
				B61EEF5A289B7313006189C5 /* Release */,
			);
			defaultConfigurationIsVisible = 0;
			defaultConfigurationName = Release;
		};
		B682A9AE28866CA300F90124 /* Build configuration list for PBXNativeTarget "虚拟继承" */ = {
			isa = XCConfigurationList;
			buildConfigurations = (
				B682A9AC28866CA300F90124 /* Debug */,
				B682A9AD28866CA300F90124 /* Release */,
			);
			defaultConfigurationIsVisible = 0;
			defaultConfigurationName = Release;
		};
		B682A9B728866D9300F90124 /* Build configuration list for PBXNativeTarget "派生类初始化" */ = {
			isa = XCConfigurationList;
			buildConfigurations = (
				B682A9B828866D9300F90124 /* Debug */,
				B682A9B928866D9300F90124 /* Release */,
			);
			defaultConfigurationIsVisible = 0;
			defaultConfigurationName = Release;
		};
		B682A9C228868D5400F90124 /* Build configuration list for PBXNativeTarget "习题15.8" */ = {
			isa = XCConfigurationList;
			buildConfigurations = (
				B682A9C328868D5400F90124 /* Debug */,
				B682A9C428868D5400F90124 /* Release */,
			);
			defaultConfigurationIsVisible = 0;
			defaultConfigurationName = Release;
		};
/* End XCConfigurationList section */
	};
	rootObject = B6165787287D19EF005E1087 /* Project object */;
}
